
Microsoft Visual Studio Solution File, Format Version 12.00
# Visual Studio Version 17
VisualStudioVersion = 17.5.33627.172
MinimumVisualStudioVersion = 10.0.40219.1
Project("{FAE04EC0-301F-11D3-BF4B-00C04F79EFBC}") = "TripRegisterNewAPI", "TripRegisterNewAPI.csproj", "{C866F0DD-E80D-4B71-B506-5877D89F76A3}"
EndProject
Global
	GlobalSection(SolutionConfigurationPlatforms) = preSolution
		Debug|Any CPU = Debug|Any CPU
		Release|Any CPU = Release|Any CPU
	EndGlobalSection
	GlobalSection(ProjectConfigurationPlatforms) = postSolution
		{C866F0DD-E80D-4B71-B506-5877D89F76A3}.Debug|Any CPU.ActiveCfg = Debug|Any CPU
		{C866F0DD-E80D-4B71-B506-5877D89F76A3}.Debug|Any CPU.Build.0 = Debug|Any CPU
		{C866F0DD-E80D-4B71-B506-5877D89F76A3}.Release|Any CPU.ActiveCfg = Release|Any CPU
		{C866F0DD-E80D-4B71-B506-5877D89F76A3}.Release|Any CPU.Build.0 = Release|Any CPU
	EndGlobalSection
	GlobalSection(SolutionProperties) = preSolution
		HideSolutionNode = FALSE
	EndGlobalSection
	GlobalSection(ExtensibilityGlobals) = postSolution
		SolutionGuid = {3E6B3CAE-F01C-440E-B886-8699660B5C67}
	EndGlobalSection
EndGlobal
